{
  "version": 4,
  "terraform_version": "1.8.5",
  "serial": 41,
  "lineage": "dc621666-85ba-d217-5117-992b21a39234",
  "outputs": {},
  "resources": [
    {
      "mode": "managed",
      "type": "azurerm_linux_function_app",
      "name": "weekly_meeting_agenda_app",
      "provider": "provider[\"registry.terraform.io/hashicorp/azurerm\"]",
      "instances": [
        {
          "schema_version": 1,
          "attributes": {
            "app_settings": {},
            "auth_settings": [
              {
                "active_directory": [
                  {
                    "allowed_audiences": [
                      "api://68e11217-f842-4df4-8720-75a08c58f491"
                    ],
                    "client_id": "68e11217-f842-4df4-8720-75a08c58f491",
                    "client_secret": "LBr8Q~o4GJwbGtTgK80_j6Yb~tn~X_XtJyjlKdn5",
                    "client_secret_setting_name": ""
                  }
                ],
                "additional_login_parameters": {},
                "allowed_external_redirect_urls": [
                  "https://weeklymeetingagenda.azurewebsites.net/.auth/login/aad/callback"
                ],
                "default_provider": "AzureActiveDirectory",
                "enabled": true,
                "facebook": [],
                "github": [],
                "google": [],
                "issuer": "https://sts.windows.net/9add987e-b316-43b4-8750-4007763832b0/",
                "microsoft": [],
                "runtime_version": "~1",
                "token_refresh_extension_hours": 72,
                "token_store_enabled": true,
                "twitter": [],
                "unauthenticated_client_action": "RedirectToLoginPage"
              }
            ],
            "auth_settings_v2": [],
            "backup": [],
            "builtin_logging_enabled": true,
            "client_certificate_enabled": false,
            "client_certificate_exclusion_paths": "",
            "client_certificate_mode": "Optional",
            "connection_string": [],
            "content_share_force_disabled": false,
            "custom_domain_verification_id": "6F41D582B5A7D2015F729E07F51B1F2A21A0C35BE2EE1A6CAE278440526CA3D7",
            "daily_memory_time_quota": 0,
            "default_hostname": "weeklymeetingagenda.azurewebsites.net",
            "enabled": true,
            "ftp_publish_basic_authentication_enabled": true,
            "functions_extension_version": "~4",
            "hosting_environment_id": "",
            "https_only": false,
            "id": "/subscriptions/eb792c5c-94c2-48d5-b355-c807ecdbe88e/resourceGroups/weeklymeetingagendars/providers/Microsoft.Web/sites/weeklymeetingagenda",
            "identity": [],
            "key_vault_reference_identity_id": "SystemAssigned",
            "kind": "functionapp,linux",
            "location": "eastus",
            "name": "weeklymeetingagenda",
            "outbound_ip_address_list": [
              "52.188.143.242",
              "40.71.235.172",
              "40.71.236.147",
              "40.71.236.232",
              "40.71.238.92",
              "52.142.34.225",
              "20.49.104.3"
            ],
            "outbound_ip_addresses": "52.188.143.242,40.71.235.172,40.71.236.147,40.71.236.232,40.71.238.92,52.142.34.225,20.49.104.3",
            "possible_outbound_ip_address_list": [
              "52.188.143.242",
              "40.71.235.172",
              "40.71.236.147",
              "40.71.236.232",
              "40.71.238.92",
              "52.142.34.225",
              "52.149.246.34",
              "52.179.115.42",
              "52.179.118.77",
              "52.191.94.124",
              "52.224.89.255",
              "52.224.92.113",
              "52.226.52.76",
              "52.226.52.105",
              "52.226.52.106",
              "52.226.53.47",
              "52.226.53.100",
              "52.226.54.47",
              "104.45.183.144",
              "104.45.183.219",
              "52.186.162.43",
              "104.45.183.209",
              "52.186.162.106",
              "52.186.163.7",
              "20.49.104.3"
            ],
            "possible_outbound_ip_addresses": "52.188.143.242,40.71.235.172,40.71.236.147,40.71.236.232,40.71.238.92,52.142.34.225,52.149.246.34,52.179.115.42,52.179.118.77,52.191.94.124,52.224.89.255,52.224.92.113,52.226.52.76,52.226.52.105,52.226.52.106,52.226.53.47,52.226.53.100,52.226.54.47,104.45.183.144,104.45.183.219,52.186.162.43,104.45.183.209,52.186.162.106,52.186.163.7,20.49.104.3",
            "public_network_access_enabled": true,
            "resource_group_name": "weeklymeetingagendars",
            "service_plan_id": "/subscriptions/eb792c5c-94c2-48d5-b355-c807ecdbe88e/resourceGroups/weeklymeetingagendars/providers/Microsoft.Web/serverFarms/weeklymeetingagendaplan",
            "site_config": [
              {
                "always_on": false,
                "api_definition_url": "",
                "api_management_api_id": "",
                "app_command_line": "",
                "app_scale_limit": 0,
                "app_service_logs": [],
                "application_insights_connection_string": "",
                "application_insights_key": "",
                "application_stack": [
                  {
                    "docker": [],
                    "dotnet_version": "",
                    "java_version": "",
                    "node_version": "",
                    "powershell_core_version": "",
                    "python_version": "3.10",
                    "use_custom_runtime": false,
                    "use_dotnet_isolated_runtime": false
                  }
                ],
                "container_registry_managed_identity_client_id": "",
                "container_registry_use_managed_identity": false,
                "cors": [],
                "default_documents": [
                  "Default.htm",
                  "Default.html",
                  "Default.asp",
                  "index.htm",
                  "index.html",
                  "iisstart.htm",
                  "default.aspx",
                  "index.php"
                ],
                "detailed_error_logging_enabled": false,
                "elastic_instance_minimum": 1,
                "ftps_state": "Disabled",
                "health_check_eviction_time_in_min": 0,
                "health_check_path": "",
                "http2_enabled": false,
                "ip_restriction": [],
                "ip_restriction_default_action": "Allow",
                "linux_fx_version": "PYTHON|3.10",
                "load_balancing_mode": "LeastRequests",
                "managed_pipeline_mode": "Integrated",
                "minimum_tls_version": "1.2",
                "pre_warmed_instance_count": 0,
                "remote_debugging_enabled": false,
                "remote_debugging_version": "",
                "runtime_scale_monitoring_enabled": false,
                "scm_ip_restriction": [],
                "scm_ip_restriction_default_action": "Allow",
                "scm_minimum_tls_version": "1.2",
                "scm_type": "None",
                "scm_use_main_ip_restriction": false,
                "use_32_bit_worker": false,
                "vnet_route_all_enabled": false,
                "websockets_enabled": false,
                "worker_count": 1
              }
            ],
            "site_credential": [
              {
                "name": "$weeklymeetingagenda",
                "password": "8GAdDxl3z4d91fBhwMtva4yhgv09DY9r0tjz1qciatQ5JnbLpEavLEFXZC71"
              }
            ],
            "sticky_settings": [],
            "storage_account": [],
            "storage_account_access_key": "dME36aZOYIRsvrYOLjJ8l9gcg/xWrB2S+KRwONM4G14HG3DsXdpZR6h4xK5hzT49WhH5gKgUHzPK+AStLsN6jg==",
            "storage_account_name": "weeklymeetingagendasa",
            "storage_key_vault_secret_id": "",
            "storage_uses_managed_identity": false,
            "tags": {},
            "timeouts": null,
            "virtual_network_subnet_id": "",
            "webdeploy_publish_basic_authentication_enabled": true,
            "zip_deploy_file": ""
          },
          "sensitive_attributes": [
            [
              {
                "type": "get_attr",
                "value": "site_credential"
              }
            ],
            [
              {
                "type": "get_attr",
                "value": "custom_domain_verification_id"
              }
            ],
            [
              {
                "type": "get_attr",
                "value": "auth_settings"
              },
              {
                "type": "index",
                "value": {
                  "value": 0,
                  "type": "number"
                }
              },
              {
                "type": "get_attr",
                "value": "active_directory"
              },
              {
                "type": "index",
                "value": {
                  "value": 0,
                  "type": "number"
                }
              },
              {
                "type": "get_attr",
                "value": "client_secret"
              }
            ],
            [
              {
                "type": "get_attr",
                "value": "site_config"
              },
              {
                "type": "index",
                "value": {
                  "value": 0,
                  "type": "number"
                }
              },
              {
                "type": "get_attr",
                "value": "application_insights_connection_string"
              }
            ],
            [
              {
                "type": "get_attr",
                "value": "site_config"
              },
              {
                "type": "index",
                "value": {
                  "value": 0,
                  "type": "number"
                }
              },
              {
                "type": "get_attr",
                "value": "application_insights_key"
              }
            ],
            [
              {
                "type": "get_attr",
                "value": "storage_account_access_key"
              }
            ]
          ],
          "private": "eyJlMmJmYjczMC1lY2FhLTExZTYtOGY4OC0zNDM2M2JjN2M0YzAiOnsiY3JlYXRlIjoxODAwMDAwMDAwMDAwLCJkZWxldGUiOjE4MDAwMDAwMDAwMDAsInJlYWQiOjMwMDAwMDAwMDAwMCwidXBkYXRlIjoxODAwMDAwMDAwMDAwfSwic2NoZW1hX3ZlcnNpb24iOiIxIn0=",
          "dependencies": [
            "azurerm_resource_group.weekly_meeting_agenda_resources",
            "azurerm_service_plan.weekly_meeting_agenda_plan",
            "azurerm_storage_account.weekly_meeting_agenda_storage_account"
          ]
        }
      ]
    },
    {
      "mode": "managed",
      "type": "azurerm_resource_group",
      "name": "weekly_meeting_agenda_resources",
      "provider": "provider[\"registry.terraform.io/hashicorp/azurerm\"]",
      "instances": [
        {
          "schema_version": 0,
          "attributes": {
            "id": "/subscriptions/eb792c5c-94c2-48d5-b355-c807ecdbe88e/resourceGroups/weeklymeetingagendars",
            "location": "eastus",
            "managed_by": "",
            "name": "weeklymeetingagendars",
            "tags": {},
            "timeouts": null
          },
          "sensitive_attributes": [],
          "private": "eyJlMmJmYjczMC1lY2FhLTExZTYtOGY4OC0zNDM2M2JjN2M0YzAiOnsiY3JlYXRlIjo1NDAwMDAwMDAwMDAwLCJkZWxldGUiOjU0MDAwMDAwMDAwMDAsInJlYWQiOjMwMDAwMDAwMDAwMCwidXBkYXRlIjo1NDAwMDAwMDAwMDAwfX0="
        }
      ]
    },
    {
      "mode": "managed",
      "type": "azurerm_service_plan",
      "name": "weekly_meeting_agenda_plan",
      "provider": "provider[\"registry.terraform.io/hashicorp/azurerm\"]",
      "instances": [
        {
          "schema_version": 1,
          "attributes": {
            "app_service_environment_id": "",
            "id": "/subscriptions/eb792c5c-94c2-48d5-b355-c807ecdbe88e/resourceGroups/weeklymeetingagendars/providers/Microsoft.Web/serverFarms/weeklymeetingagendaplan",
            "kind": "linux",
            "location": "eastus",
            "maximum_elastic_worker_count": 1,
            "name": "weeklymeetingagendaplan",
            "os_type": "Linux",
            "per_site_scaling_enabled": false,
            "reserved": true,
            "resource_group_name": "weeklymeetingagendars",
            "sku_name": "B2",
            "tags": {},
            "timeouts": null,
            "worker_count": 1,
            "zone_balancing_enabled": false
          },
          "sensitive_attributes": [],
          "private": "eyJlMmJmYjczMC1lY2FhLTExZTYtOGY4OC0zNDM2M2JjN2M0YzAiOnsiY3JlYXRlIjozNjAwMDAwMDAwMDAwLCJkZWxldGUiOjM2MDAwMDAwMDAwMDAsInJlYWQiOjMwMDAwMDAwMDAwMCwidXBkYXRlIjozNjAwMDAwMDAwMDAwfSwic2NoZW1hX3ZlcnNpb24iOiIxIn0=",
          "dependencies": [
            "azurerm_resource_group.weekly_meeting_agenda_resources"
          ]
        }
      ]
    },
    {
      "mode": "managed",
      "type": "azurerm_storage_account",
      "name": "weekly_meeting_agenda_storage_account",
      "provider": "provider[\"registry.terraform.io/hashicorp/azurerm\"]",
      "instances": [
        {
          "schema_version": 4,
          "attributes": {
            "access_tier": "Hot",
            "account_kind": "StorageV2",
            "account_replication_type": "LRS",
            "account_tier": "Standard",
            "allow_nested_items_to_be_public": true,
            "allowed_copy_scope": "",
            "azure_files_authentication": [],
            "blob_properties": [
              {
                "change_feed_enabled": false,
                "change_feed_retention_in_days": 0,
                "container_delete_retention_policy": [],
                "cors_rule": [],
                "default_service_version": "",
                "delete_retention_policy": [],
                "last_access_time_enabled": false,
                "restore_policy": [],
                "versioning_enabled": false
              }
            ],
            "cross_tenant_replication_enabled": true,
            "custom_domain": [],
            "customer_managed_key": [],
            "default_to_oauth_authentication": false,
            "dns_endpoint_type": "Standard",
            "edge_zone": "",
            "enable_https_traffic_only": true,
            "id": "/subscriptions/eb792c5c-94c2-48d5-b355-c807ecdbe88e/resourceGroups/weeklymeetingagendars/providers/Microsoft.Storage/storageAccounts/weeklymeetingagendasa",
            "identity": [],
            "immutability_policy": [],
            "infrastructure_encryption_enabled": false,
            "is_hns_enabled": false,
            "large_file_share_enabled": null,
            "local_user_enabled": true,
            "location": "eastus",
            "min_tls_version": "TLS1_2",
            "name": "weeklymeetingagendasa",
            "network_rules": [
              {
                "bypass": [
                  "AzureServices"
                ],
                "default_action": "Allow",
                "ip_rules": [],
                "private_link_access": [],
                "virtual_network_subnet_ids": []
              }
            ],
            "nfsv3_enabled": false,
            "primary_access_key": "dME36aZOYIRsvrYOLjJ8l9gcg/xWrB2S+KRwONM4G14HG3DsXdpZR6h4xK5hzT49WhH5gKgUHzPK+AStLsN6jg==",
            "primary_blob_connection_string": "DefaultEndpointsProtocol=https;BlobEndpoint=https://weeklymeetingagendasa.blob.core.windows.net/;AccountName=weeklymeetingagendasa;AccountKey=dME36aZOYIRsvrYOLjJ8l9gcg/xWrB2S+KRwONM4G14HG3DsXdpZR6h4xK5hzT49WhH5gKgUHzPK+AStLsN6jg==",
            "primary_blob_endpoint": "https://weeklymeetingagendasa.blob.core.windows.net/",
            "primary_blob_host": "weeklymeetingagendasa.blob.core.windows.net",
            "primary_blob_internet_endpoint": "",
            "primary_blob_internet_host": "",
            "primary_blob_microsoft_endpoint": "",
            "primary_blob_microsoft_host": "",
            "primary_connection_string": "DefaultEndpointsProtocol=https;AccountName=weeklymeetingagendasa;AccountKey=dME36aZOYIRsvrYOLjJ8l9gcg/xWrB2S+KRwONM4G14HG3DsXdpZR6h4xK5hzT49WhH5gKgUHzPK+AStLsN6jg==;EndpointSuffix=core.windows.net",
            "primary_dfs_endpoint": "https://weeklymeetingagendasa.dfs.core.windows.net/",
            "primary_dfs_host": "weeklymeetingagendasa.dfs.core.windows.net",
            "primary_dfs_internet_endpoint": "",
            "primary_dfs_internet_host": "",
            "primary_dfs_microsoft_endpoint": "",
            "primary_dfs_microsoft_host": "",
            "primary_file_endpoint": "https://weeklymeetingagendasa.file.core.windows.net/",
            "primary_file_host": "weeklymeetingagendasa.file.core.windows.net",
            "primary_file_internet_endpoint": "",
            "primary_file_internet_host": "",
            "primary_file_microsoft_endpoint": "",
            "primary_file_microsoft_host": "",
            "primary_location": "eastus",
            "primary_queue_endpoint": "https://weeklymeetingagendasa.queue.core.windows.net/",
            "primary_queue_host": "weeklymeetingagendasa.queue.core.windows.net",
            "primary_queue_microsoft_endpoint": "",
            "primary_queue_microsoft_host": "",
            "primary_table_endpoint": "https://weeklymeetingagendasa.table.core.windows.net/",
            "primary_table_host": "weeklymeetingagendasa.table.core.windows.net",
            "primary_table_microsoft_endpoint": "",
            "primary_table_microsoft_host": "",
            "primary_web_endpoint": "https://weeklymeetingagendasa.z13.web.core.windows.net/",
            "primary_web_host": "weeklymeetingagendasa.z13.web.core.windows.net",
            "primary_web_internet_endpoint": "",
            "primary_web_internet_host": "",
            "primary_web_microsoft_endpoint": "",
            "primary_web_microsoft_host": "",
            "public_network_access_enabled": true,
            "queue_encryption_key_type": "Service",
            "queue_properties": [
              {
                "cors_rule": [],
                "hour_metrics": [
                  {
                    "enabled": true,
                    "include_apis": true,
                    "retention_policy_days": 7,
                    "version": "1.0"
                  }
                ],
                "logging": [
                  {
                    "delete": false,
                    "read": false,
                    "retention_policy_days": 0,
                    "version": "1.0",
                    "write": false
                  }
                ],
                "minute_metrics": [
                  {
                    "enabled": false,
                    "include_apis": false,
                    "retention_policy_days": 0,
                    "version": "1.0"
                  }
                ]
              }
            ],
            "resource_group_name": "weeklymeetingagendars",
            "routing": [],
            "sas_policy": [],
            "secondary_access_key": "p/pljUo5Ps9L61cQ7HXh4xBBDLNm7uvxcuiA7Ybsbn1g3R+kxrOK80YRWk1z8UOiZ1F4XBLox5rX+ASt0vbWVA==",
            "secondary_blob_connection_string": "",
            "secondary_blob_endpoint": null,
            "secondary_blob_host": null,
            "secondary_blob_internet_endpoint": null,
            "secondary_blob_internet_host": null,
            "secondary_blob_microsoft_endpoint": null,
            "secondary_blob_microsoft_host": null,
            "secondary_connection_string": "DefaultEndpointsProtocol=https;AccountName=weeklymeetingagendasa;AccountKey=p/pljUo5Ps9L61cQ7HXh4xBBDLNm7uvxcuiA7Ybsbn1g3R+kxrOK80YRWk1z8UOiZ1F4XBLox5rX+ASt0vbWVA==;EndpointSuffix=core.windows.net",
            "secondary_dfs_endpoint": null,
            "secondary_dfs_host": null,
            "secondary_dfs_internet_endpoint": null,
            "secondary_dfs_internet_host": null,
            "secondary_dfs_microsoft_endpoint": null,
            "secondary_dfs_microsoft_host": null,
            "secondary_file_endpoint": null,
            "secondary_file_host": null,
            "secondary_file_internet_endpoint": null,
            "secondary_file_internet_host": null,
            "secondary_file_microsoft_endpoint": null,
            "secondary_file_microsoft_host": null,
            "secondary_location": "",
            "secondary_queue_endpoint": null,
            "secondary_queue_host": null,
            "secondary_queue_microsoft_endpoint": null,
            "secondary_queue_microsoft_host": null,
            "secondary_table_endpoint": null,
            "secondary_table_host": null,
            "secondary_table_microsoft_endpoint": null,
            "secondary_table_microsoft_host": null,
            "secondary_web_endpoint": null,
            "secondary_web_host": null,
            "secondary_web_internet_endpoint": null,
            "secondary_web_internet_host": null,
            "secondary_web_microsoft_endpoint": null,
            "secondary_web_microsoft_host": null,
            "sftp_enabled": false,
            "share_properties": [
              {
                "cors_rule": [],
                "retention_policy": [
                  {
                    "days": 7
                  }
                ],
                "smb": []
              }
            ],
            "shared_access_key_enabled": true,
            "static_website": [],
            "table_encryption_key_type": "Service",
            "tags": {},
            "timeouts": null
          },
          "sensitive_attributes": [
            [
              {
                "type": "get_attr",
                "value": "secondary_connection_string"
              }
            ],
            [
              {
                "type": "get_attr",
                "value": "primary_access_key"
              }
            ],
            [
              {
                "type": "get_attr",
                "value": "primary_connection_string"
              }
            ],
            [
              {
                "type": "get_attr",
                "value": "secondary_blob_connection_string"
              }
            ],
            [
              {
                "type": "get_attr",
                "value": "primary_blob_connection_string"
              }
            ],
            [
              {
                "type": "get_attr",
                "value": "secondary_access_key"
              }
            ]
          ],
          "private": "eyJlMmJmYjczMC1lY2FhLTExZTYtOGY4OC0zNDM2M2JjN2M0YzAiOnsiY3JlYXRlIjozNjAwMDAwMDAwMDAwLCJkZWxldGUiOjM2MDAwMDAwMDAwMDAsInJlYWQiOjMwMDAwMDAwMDAwMCwidXBkYXRlIjozNjAwMDAwMDAwMDAwfSwic2NoZW1hX3ZlcnNpb24iOiI0In0=",
          "dependencies": [
            "azurerm_resource_group.weekly_meeting_agenda_resources"
          ]
        }
      ]
    }
  ],
  "check_results": null
}
